
Microsoft Visual Studio Solution File, Format Version 12.00
# Visual Studio Version 16
VisualStudioVersion = 16.0.31205.134
MinimumVisualStudioVersion = 10.0.40219.1
Project("{9A19103F-16F7-4668-BE54-9A1E7A4F7556}") = "CoronaCenter.DataBase", "CoronaCenter.DataBase\CoronaCenter.DataBase.csproj", "{7AD63064-32FD-4397-A5A5-1B5E036A0644}"
EndProject
Project("{9A19103F-16F7-4668-BE54-9A1E7A4F7556}") = "Tools", "Tools\Tools.csproj", "{46023E79-A9A2-431E-BDE4-CC6DAA1748E9}"
EndProject
Project("{9A19103F-16F7-4668-BE54-9A1E7A4F7556}") = "CoronaCenter.ASP", "CoronaCenter.ASP\CoronaCenter.ASP.csproj", "{7CB77356-E0BA-4DCE-97F7-6C021E2A9E1D}"
EndProject
Project("{9A19103F-16F7-4668-BE54-9A1E7A4F7556}") = "CoronaCenter.Model", "CoronaCenter.Model\CoronaCenter.Model.csproj", "{0555CAF7-325A-49BF-9D1E-C929B5564AB9}"
EndProject
Project("{9A19103F-16F7-4668-BE54-9A1E7A4F7556}") = "CoronaCenter.API", "CoronaCenter.API\CoronaCenter.API.csproj", "{AAA14056-56E6-4A41-B7F1-2DA6C13F8D7F}"
EndProject
Project("{FAE04EC0-301F-11D3-BF4B-00C04F79EFBC}") = "CoronaCenter.Services", "CoronaCenter.Services\CoronaCenter.Services.csproj", "{B68B54AD-845D-4FDA-AAD1-B5149EA8DD68}"
EndProject
Global
	GlobalSection(SolutionConfigurationPlatforms) = preSolution
		Debug|Any CPU = Debug|Any CPU
		Release|Any CPU = Release|Any CPU
	EndGlobalSection
	GlobalSection(ProjectConfigurationPlatforms) = postSolution
		{7AD63064-32FD-4397-A5A5-1B5E036A0644}.Debug|Any CPU.ActiveCfg = Debug|Any CPU
		{7AD63064-32FD-4397-A5A5-1B5E036A0644}.Debug|Any CPU.Build.0 = Debug|Any CPU
		{7AD63064-32FD-4397-A5A5-1B5E036A0644}.Release|Any CPU.ActiveCfg = Release|Any CPU
		{7AD63064-32FD-4397-A5A5-1B5E036A0644}.Release|Any CPU.Build.0 = Release|Any CPU
		{46023E79-A9A2-431E-BDE4-CC6DAA1748E9}.Debug|Any CPU.ActiveCfg = Debug|Any CPU
		{46023E79-A9A2-431E-BDE4-CC6DAA1748E9}.Debug|Any CPU.Build.0 = Debug|Any CPU
		{46023E79-A9A2-431E-BDE4-CC6DAA1748E9}.Release|Any CPU.ActiveCfg = Release|Any CPU
		{46023E79-A9A2-431E-BDE4-CC6DAA1748E9}.Release|Any CPU.Build.0 = Release|Any CPU
		{7CB77356-E0BA-4DCE-97F7-6C021E2A9E1D}.Debug|Any CPU.ActiveCfg = Debug|Any CPU
		{7CB77356-E0BA-4DCE-97F7-6C021E2A9E1D}.Debug|Any CPU.Build.0 = Debug|Any CPU
		{7CB77356-E0BA-4DCE-97F7-6C021E2A9E1D}.Release|Any CPU.ActiveCfg = Release|Any CPU
		{7CB77356-E0BA-4DCE-97F7-6C021E2A9E1D}.Release|Any CPU.Build.0 = Release|Any CPU
		{0555CAF7-325A-49BF-9D1E-C929B5564AB9}.Debug|Any CPU.ActiveCfg = Debug|Any CPU
		{0555CAF7-325A-49BF-9D1E-C929B5564AB9}.Debug|Any CPU.Build.0 = Debug|Any CPU
		{0555CAF7-325A-49BF-9D1E-C929B5564AB9}.Release|Any CPU.ActiveCfg = Release|Any CPU
		{0555CAF7-325A-49BF-9D1E-C929B5564AB9}.Release|Any CPU.Build.0 = Release|Any CPU
		{AAA14056-56E6-4A41-B7F1-2DA6C13F8D7F}.Debug|Any CPU.ActiveCfg = Debug|Any CPU
		{AAA14056-56E6-4A41-B7F1-2DA6C13F8D7F}.Debug|Any CPU.Build.0 = Debug|Any CPU
		{AAA14056-56E6-4A41-B7F1-2DA6C13F8D7F}.Release|Any CPU.ActiveCfg = Release|Any CPU
		{AAA14056-56E6-4A41-B7F1-2DA6C13F8D7F}.Release|Any CPU.Build.0 = Release|Any CPU
		{B68B54AD-845D-4FDA-AAD1-B5149EA8DD68}.Debug|Any CPU.ActiveCfg = Debug|Any CPU
		{B68B54AD-845D-4FDA-AAD1-B5149EA8DD68}.Debug|Any CPU.Build.0 = Debug|Any CPU
		{B68B54AD-845D-4FDA-AAD1-B5149EA8DD68}.Release|Any CPU.ActiveCfg = Release|Any CPU
		{B68B54AD-845D-4FDA-AAD1-B5149EA8DD68}.Release|Any CPU.Build.0 = Release|Any CPU
	EndGlobalSection
	GlobalSection(SolutionProperties) = preSolution
		HideSolutionNode = FALSE
	EndGlobalSection
	GlobalSection(ExtensibilityGlobals) = postSolution
		SolutionGuid = {DB54D521-FA1C-4E96-AFDA-CE0CB5923EB7}
	EndGlobalSection
EndGlobal
